
Microsoft Visual Studio Solution File, Format Version 12.00
# Visual Studio Version 17
VisualStudioVersion = 17.7.34221.43
MinimumVisualStudioVersion = 10.0.40219.1
Project("{FAE04EC0-301F-11D3-BF4B-00C04F79EFBC}") = "ConsoleApp2", "ConsoleApp2.csproj", "{C24DFBE0-7127-4ABA-9D34-7A5BFC308CC3}"
EndProject
Global
	GlobalSection(SolutionConfigurationPlatforms) = preSolution
		Debug|Any CPU = Debug|Any CPU
		Release|Any CPU = Release|Any CPU
	EndGlobalSection
	GlobalSection(ProjectConfigurationPlatforms) = postSolution
		{C24DFBE0-7127-4ABA-9D34-7A5BFC308CC3}.Debug|Any CPU.ActiveCfg = Debug|Any CPU
		{C24DFBE0-7127-4ABA-9D34-7A5BFC308CC3}.Debug|Any CPU.Build.0 = Debug|Any CPU
		{C24DFBE0-7127-4ABA-9D34-7A5BFC308CC3}.Release|Any CPU.ActiveCfg = Release|Any CPU
		{C24DFBE0-7127-4ABA-9D34-7A5BFC308CC3}.Release|Any CPU.Build.0 = Release|Any CPU
	EndGlobalSection
	GlobalSection(SolutionProperties) = preSolution
		HideSolutionNode = FALSE
	EndGlobalSection
	GlobalSection(ExtensibilityGlobals) = postSolution
		SolutionGuid = {6106B077-0799-4F03-978F-A014C20DAB8F}
	EndGlobalSection
EndGlobal
