
Microsoft Visual Studio Solution File, Format Version 12.00
# Visual Studio Version 17
VisualStudioVersion = 17.7.34221.43
MinimumVisualStudioVersion = 10.0.40219.1
Project("{FAE04EC0-301F-11D3-BF4B-00C04F79EFBC}") = "School Management", "School Management.csproj", "{5EF541ED-1567-4BCA-8D6C-9D6BDEF7C983}"
EndProject
Project("{FAE04EC0-301F-11D3-BF4B-00C04F79EFBC}") = "ConsoleApp11", "..\ConsoleApp11\ConsoleApp11.csproj", "{EA17C433-C913-44B5-9B05-F52CC8C1AF26}"
EndProject
Project("{FAE04EC0-301F-11D3-BF4B-00C04F79EFBC}") = "StaticClass", "..\StaticClass\StaticClass.csproj", "{9D701175-3C3C-43AD-960A-9980255C7E7C}"
EndProject
Global
	GlobalSection(SolutionConfigurationPlatforms) = preSolution
		Debug|Any CPU = Debug|Any CPU
		Release|Any CPU = Release|Any CPU
	EndGlobalSection
	GlobalSection(ProjectConfigurationPlatforms) = postSolution
		{5EF541ED-1567-4BCA-8D6C-9D6BDEF7C983}.Debug|Any CPU.ActiveCfg = Debug|Any CPU
		{5EF541ED-1567-4BCA-8D6C-9D6BDEF7C983}.Debug|Any CPU.Build.0 = Debug|Any CPU
		{5EF541ED-1567-4BCA-8D6C-9D6BDEF7C983}.Release|Any CPU.ActiveCfg = Release|Any CPU
		{5EF541ED-1567-4BCA-8D6C-9D6BDEF7C983}.Release|Any CPU.Build.0 = Release|Any CPU
		{EA17C433-C913-44B5-9B05-F52CC8C1AF26}.Debug|Any CPU.ActiveCfg = Debug|Any CPU
		{EA17C433-C913-44B5-9B05-F52CC8C1AF26}.Debug|Any CPU.Build.0 = Debug|Any CPU
		{EA17C433-C913-44B5-9B05-F52CC8C1AF26}.Release|Any CPU.ActiveCfg = Release|Any CPU
		{EA17C433-C913-44B5-9B05-F52CC8C1AF26}.Release|Any CPU.Build.0 = Release|Any CPU
		{9D701175-3C3C-43AD-960A-9980255C7E7C}.Debug|Any CPU.ActiveCfg = Debug|Any CPU
		{9D701175-3C3C-43AD-960A-9980255C7E7C}.Debug|Any CPU.Build.0 = Debug|Any CPU
		{9D701175-3C3C-43AD-960A-9980255C7E7C}.Release|Any CPU.ActiveCfg = Release|Any CPU
		{9D701175-3C3C-43AD-960A-9980255C7E7C}.Release|Any CPU.Build.0 = Release|Any CPU
	EndGlobalSection
	GlobalSection(SolutionProperties) = preSolution
		HideSolutionNode = FALSE
	EndGlobalSection
	GlobalSection(ExtensibilityGlobals) = postSolution
		SolutionGuid = {5ECDB3C5-43F4-4E1F-B9C6-584FE68668F4}
	EndGlobalSection
EndGlobal
