
Microsoft Visual Studio Solution File, Format Version 12.00
# Visual Studio Version 17
VisualStudioVersion = 17.7.34221.43
MinimumVisualStudioVersion = 10.0.40219.1
Project("{FAE04EC0-301F-11D3-BF4B-00C04F79EFBC}") = "Program", "Program.csproj", "{F428EA64-F173-4A4C-87DE-29B9482A9D53}"
EndProject
Project("{FAE04EC0-301F-11D3-BF4B-00C04F79EFBC}") = "Sum", "..\Sum\Sum.csproj", "{587EF2B9-F08D-4E60-A199-989638EF53BE}"
EndProject
Global
	GlobalSection(SolutionConfigurationPlatforms) = preSolution
		Debug|Any CPU = Debug|Any CPU
		Release|Any CPU = Release|Any CPU
	EndGlobalSection
	GlobalSection(ProjectConfigurationPlatforms) = postSolution
		{F428EA64-F173-4A4C-87DE-29B9482A9D53}.Debug|Any CPU.ActiveCfg = Debug|Any CPU
		{F428EA64-F173-4A4C-87DE-29B9482A9D53}.Debug|Any CPU.Build.0 = Debug|Any CPU
		{F428EA64-F173-4A4C-87DE-29B9482A9D53}.Release|Any CPU.ActiveCfg = Release|Any CPU
		{F428EA64-F173-4A4C-87DE-29B9482A9D53}.Release|Any CPU.Build.0 = Release|Any CPU
		{587EF2B9-F08D-4E60-A199-989638EF53BE}.Debug|Any CPU.ActiveCfg = Debug|Any CPU
		{587EF2B9-F08D-4E60-A199-989638EF53BE}.Debug|Any CPU.Build.0 = Debug|Any CPU
		{587EF2B9-F08D-4E60-A199-989638EF53BE}.Release|Any CPU.ActiveCfg = Release|Any CPU
		{587EF2B9-F08D-4E60-A199-989638EF53BE}.Release|Any CPU.Build.0 = Release|Any CPU
	EndGlobalSection
	GlobalSection(SolutionProperties) = preSolution
		HideSolutionNode = FALSE
	EndGlobalSection
	GlobalSection(ExtensibilityGlobals) = postSolution
		SolutionGuid = {5E631D6B-B88A-432C-A61C-7CEB801B7F47}
	EndGlobalSection
EndGlobal
